
Microsoft Visual Studio Solution File, Format Version 12.00
# Visual Studio Version 16
VisualStudioVersion = 16.0.31105.61
MinimumVisualStudioVersion = 10.0.40219.1
Project("{FAE04EC0-301F-11D3-BF4B-00C04F79EFBC}") = "ImageConvertor", "ImageConvertor\ImageConvertor.csproj", "{90899917-F26B-4765-A1DE-E7DA7168ABEC}"
EndProject
Global
	GlobalSection(SolutionConfigurationPlatforms) = preSolution
		Debug|Any CPU = Debug|Any CPU
		Release|Any CPU = Release|Any CPU
	EndGlobalSection
	GlobalSection(ProjectConfigurationPlatforms) = postSolution
		{90899917-F26B-4765-A1DE-E7DA7168ABEC}.Debug|Any CPU.ActiveCfg = Debug|Any CPU
		{90899917-F26B-4765-A1DE-E7DA7168ABEC}.Debug|Any CPU.Build.0 = Debug|Any CPU
		{90899917-F26B-4765-A1DE-E7DA7168ABEC}.Release|Any CPU.ActiveCfg = Release|Any CPU
		{90899917-F26B-4765-A1DE-E7DA7168ABEC}.Release|Any CPU.Build.0 = Release|Any CPU
	EndGlobalSection
	GlobalSection(SolutionProperties) = preSolution
		HideSolutionNode = FALSE
	EndGlobalSection
	GlobalSection(ExtensibilityGlobals) = postSolution
		SolutionGuid = {E08E4BFC-022D-4D6F-9493-4D5C8297462B}
	EndGlobalSection
EndGlobal
